// !$*UTF8*$!
{
	archiveVersion = 1;
	classes = {
	};
	objectVersion = 46;
	objects = {

/* Begin PBXBuildFile section */
		4055F9B31CBD306400490734 /* AppDelegate.swift in Sources */ = {isa = PBXBuildFile; fileRef = 4055F9B21CBD306400490734 /* AppDelegate.swift */; };
		4055F9B51CBD306400490734 /* ViewController.swift in Sources */ = {isa = PBXBuildFile; fileRef = 4055F9B41CBD306400490734 /* ViewController.swift */; };
		4055F9B81CBD306400490734 /* Main.storyboard in Resources */ = {isa = PBXBuildFile; fileRef = 4055F9B61CBD306400490734 /* Main.storyboard */; };
		4055F9BA1CBD306400490734 /* Assets.xcassets in Resources */ = {isa = PBXBuildFile; fileRef = 4055F9B91CBD306400490734 /* Assets.xcassets */; };
		4055F9BD1CBD306400490734 /* LaunchScreen.storyboard in Resources */ = {isa = PBXBuildFile; fileRef = 4055F9BB1CBD306400490734 /* LaunchScreen.storyboard */; };
/* End PBXBuildFile section */

/* Begin PBXFileReference section */
		4055F9AF1CBD306400490734 /* ScrollBothWays.app */ = {isa = PBXFileReference; explicitFileType = wrapper.application; includeInIndex = 0; path = ScrollBothWays.app; sourceTree = BUILT_PRODUCTS_DIR; };
		4055F9B21CBD306400490734 /* AppDelegate.swift */ = {isa = PBXFileReference; lastKnownFileType = sourcecode.swift; path = AppDelegate.swift; sourceTree = "<group>"; };
		4055F9B41CBD306400490734 /* ViewController.swift */ = {isa = PBXFileReference; lastKnownFileType = sourcecode.swift; path = ViewController.swift; sourceTree = "<group>"; };
		4055F9B71CBD306400490734 /* Base */ = {isa = PBXFileReference; lastKnownFileType = file.storyboard; name = Base; path = Base.lproj/Main.storyboard; sourceTree = "<group>"; };
		4055F9B91CBD306400490734 /* Assets.xcassets */ = {isa = PBXFileReference; lastKnownFileType = folder.assetcatalog; path = Assets.xcassets; sourceTree = "<group>"; };
		4055F9BC1CBD306400490734 /* Base */ = {isa = PBXFileReference; lastKnownFileType = file.storyboard; name = Base; path = Base.lproj/LaunchScreen.storyboard; sourceTree = "<group>"; };
		4055F9BE1CBD306400490734 /* Info.plist */ = {isa = PBXFileReference; lastKnownFileType = text.plist.xml; path = Info.plist; sourceTree = "<group>"; };
/* End PBXFileReference section */

/* Begin PBXFrameworksBuildPhase section */
		4055F9AC1CBD306400490734 /* Frameworks */ = {
			isa = PBXFrameworksBuildPhase;
			buildActionMask = 2147483647;
			files = (
			);
			runOnlyForDeploymentPostprocessing = 0;
		};
/* End PBXFrameworksBuildPhase section */

/* Begin PBXGroup section */
		4055F9A61CBD306400490734 = {
			isa = PBXGroup;
			children = (
				4055F9B11CBD306400490734 /* ColdProbe */,
				4055F9B01CBD306400490734 /* Products */,
			);
			sourceTree = "<group>";
		};
		4055F9B01CBD306400490734 /* Products */ = {
			isa = PBXGroup;
			children = (
				4055F9AF1CBD306400490734 /* ScrollBothWays.app */,
			);
			name = Products;
			sourceTree = "<group>";
		};
		4055F9B11CBD306400490734 /* ColdProbe */ = {
			isa = PBXGroup;
			children = (
				4055F9B21CBD306400490734 /* AppDelegate.swift */,
				4055F9B41CBD306400490734 /* ViewController.swift */,
				4055F9B61CBD306400490734 /* Main.storyboard */,
				4055F9B91CBD306400490734 /* Assets.xcassets */,
				4055F9BB1CBD306400490734 /* LaunchScreen.storyboard */,
				4055F9BE1CBD306400490734 /* Info.plist */,
			);
			path = ColdProbe;
			sourceTree = "<group>";
		};
/* End PBXGroup section */

/* Begin PBXNativeTarget section */
		4055F9AE1CBD306400490734 /* ScrollBothWays */ = {
			isa = PBXNativeTarget;
			buildConfigurationList = 4055F9C11CBD306400490734 /* Build configuration list for PBXNativeTarget "ScrollBothWays" */;
			buildPhases = (
				4055F9AB1CBD306400490734 /* Sources */,
				4055F9AC1CBD306400490734 /* Frameworks */,
				4055F9AD1CBD306400490734 /* Resources */,
			);
			buildRules = (
			);
			dependencies = (
			);
			name = ScrollBothWays;
			productName = ColdProbe;
			productReference = 4055F9AF1CBD306400490734 /* ScrollBothWays.app */;
			productType = "com.apple.product-type.application";
		};
/* End PBXNativeTarget section */

/* Begin PBXProject section */
		4055F9A71CBD306400490734 /* Project object */ = {
			isa = PBXProject;
			attributes = {
				LastSwiftUpdateCheck = 0720;
				LastUpgradeCheck = 0720;
				ORGANIZATIONNAME = "Janusz Chudzynski";
				TargetAttributes = {
					4055F9AE1CBD306400490734 = {
						CreatedOnToolsVersion = 7.2;
					};
				};
			};
			buildConfigurationList = 4055F9AA1CBD306400490734 /* Build configuration list for PBXProject "ScrollBothWays" */;
			compatibilityVersion = "Xcode 3.2";
			developmentRegion = English;
			hasScannedForEncodings = 0;
			knownRegions = (
				en,
				Base,
			);
			mainGroup = 4055F9A61CBD306400490734;
			productRefGroup = 4055F9B01CBD306400490734 /* Products */;
			projectDirPath = "";
			projectRoot = "";
			targets = (
				4055F9AE1CBD306400490734 /* ScrollBothWays */,
			);
		};
/* End PBXProject section */

/* Begin PBXResourcesBuildPhase section */
		4055F9AD1CBD306400490734 /* Resources */ = {
			isa = PBXResourcesBuildPhase;
			buildActionMask = 2147483647;
			files = (
				4055F9BD1CBD306400490734 /* LaunchScreen.storyboard in Resources */,
				4055F9BA1CBD306400490734 /* Assets.xcassets in Resources */,
				4055F9B81CBD306400490734 /* Main.storyboard in Resources */,
			);
			runOnlyForDeploymentPostprocessing = 0;
		};
/* End PBXResourcesBuildPhase section */

/* Begin PBXSourcesBuildPhase section */
		4055F9AB1CBD306400490734 /* Sources */ = {
			isa = PBXSourcesBuildPhase;
			buildActionMask = 2147483647;
			files = (
				4055F9B51CBD306400490734 /* ViewController.swift in Sources */,
				4055F9B31CBD306400490734 /* AppDelegate.swift in Sources */,
			);
			runOnlyForDeploymentPostprocessing = 0;
		};
/* End PBXSourcesBuildPhase section */

/* Begin PBXVariantGroup section */
		4055F9B61CBD306400490734 /* Main.storyboard */ = {
			isa = PBXVariantGroup;
			children = (
				4055F9B71CBD306400490734 /* Base */,
			);
			name = Main.storyboard;
			sourceTree = "<group>";
		};
		4055F9BB1CBD306400490734 /* LaunchScreen.storyboard */ = {
			isa = PBXVariantGroup;
			children = (
				4055F9BC1CBD306400490734 /* Base */,
			);
			name = LaunchScreen.storyboard;
			sourceTree = "<group>";
		};
/* End PBXVariantGroup section */

/* Begin XCBuildConfiguration section */
		4055F9BF1CBD306400490734 /* Debug */ = {
			isa = XCBuildConfiguration;
			buildSettings = {
				ALWAYS_SEARCH_USER_PATHS = NO;
				CLANG_CXX_LANGUAGE_STANDARD = "gnu++0x";
				CLANG_CXX_LIBRARY = "libc++";
				CLANG_ENABLE_MODULES = YES;
				CLANG_ENABLE_OBJC_ARC = YES;
				CLANG_WARN_BOOL_CONVERSION = YES;
				CLANG_WARN_CONSTANT_CONVERSION = YES;
				CLANG_WARN_DIRECT_OBJC_ISA_USAGE = YES_ERROR;
				CLANG_WARN_EMPTY_BODY = YES;
				CLANG_WARN_ENUM_CONVERSION = YES;
				CLANG_WARN_INT_CONVERSION = YES;
				CLANG_WARN_OBJC_ROOT_CLASS = YES_ERROR;
				CLANG_WARN_UNREACHABLE_CODE = YES;
				CLANG_WARN__DUPLICATE_METHOD_MATCH = YES;
				"CODE_SIGN_IDENTITY[sdk=iphoneos*]" = "iPhone Developer";
				COPY_PHASE_STRIP = NO;
				DEBUG_INFORMATION_FORMAT = dwarf;
				ENABLE_STRICT_OBJC_MSGSEND = YES;
				ENABLE_TESTABILITY = YES;
				GCC_C_LANGUAGE_STANDARD = gnu99;
				GCC_DYNAMIC_NO_PIC = NO;
				GCC_NO_COMMON_BLOCKS = YES;
				GCC_OPTIMIZATION_LEVEL = 0;
				GCC_PREPROCESSOR_DEFINITIONS = (
					"DEBUG=1",
					"$(inherited)",
				);
				GCC_WARN_64_TO_32_BIT_CONVERSION = YES;
				GCC_WARN_ABOUT_RETURN_TYPE = YES_ERROR;
				GCC_WARN_UNDECLARED_SELECTOR = YES;
				GCC_WARN_UNINITIALIZED_AUTOS = YES_AGGRESSIVE;
				GCC_WARN_UNUSED_FUNCTION = YES;
				GCC_WARN_UNUSED_VARIABLE = YES;
				IPHONEOS_DEPLOYMENT_TARGET = 9.2;
				MTL_ENABLE_DEBUG_INFO = YES;
				ONLY_ACTIVE_ARCH = YES;
				SDKROOT = iphoneos;
				SWIFT_OPTIMIZATION_LEVEL = "-Onone";
				TARGETED_DEVICE_FAMILY = "1,2";
			};
			name = Debug;
		};
		4055F9C01CBD306400490734 /* Release */ = {
			isa = XCBuildConfiguration;
			buildSettings = {
				ALWAYS_SEARCH_USER_PATHS = NO;
				CLANG_CXX_LANGUAGE_STANDARD = "gnu++0x";
				CLANG_CXX_LIBRARY = "libc++";
				CLANG_ENABLE_MODULES = YES;
				CLANG_ENABLE_OBJC_ARC = YES;
				CLANG_WARN_BOOL_CONVERSION = YES;
				CLANG_WARN_CONSTANT_CONVERSION = YES;
				CLANG_WARN_DIRECT_OBJC_ISA_USAGE = YES_ERROR;
				CLANG_WARN_EMPTY_BODY = YES;
				CLANG_WARN_ENUM_CONVERSION = YES;
				CLANG_WARN_INT_CONVERSION = YES;
				CLANG_WARN_OBJC_ROOT_CLASS = YES_ERROR;
				CLANG_WARN_UNREACHABLE_CODE = YES;
				CLANG_WARN__DUPLICATE_METHOD_MATCH = YES;
				"CODE_SIGN_IDENTITY[sdk=iphoneos*]" = "iPhone Developer";
				COPY_PHASE_STRIP = NO;
				DEBUG_INFORMATION_FORMAT = "dwarf-with-dsym";
				ENABLE_NS_ASSERTIONS = NO;
				ENABLE_STRICT_OBJC_MSGSEND = YES;
				GCC_C_LANGUAGE_STANDARD = gnu99;
				GCC_NO_COMMON_BLOCKS = YES;
				GCC_WARN_64_TO_32_BIT_CONVERSION = YES;
				GCC_WARN_ABOUT_RETURN_TYPE = YES_ERROR;
				GCC_WARN_UNDECLARED_SELECTOR = YES;
				GCC_WARN_UNINITIALIZED_AUTOS = YES_AGGRESSIVE;
				GCC_WARN_UNUSED_FUNCTION = YES;
				GCC_WARN_UNUSED_VARIABLE = YES;
				IPHONEOS_DEPLOYMENT_TARGET = 9.2;
				MTL_ENABLE_DEBUG_INFO = NO;
				SDKROOT = iphoneos;
				TARGETED_DEVICE_FAMILY = "1,2";
				VALIDATE_PRODUCT = YES;
			};
			name = Release;
		};
		4055F9C21CBD306400490734 /* Debug */ = {
			isa = XCBuildConfiguration;
			buildSettings = {
				ASSETCATALOG_COMPILER_APPICON_NAME = AppIcon;
				INFOPLIST_FILE = ColdProbe/Info.plist;
				LD_RUNPATH_SEARCH_PATHS = "$(inherited) @executable_path/Frameworks";
				PRODUCT_BUNDLE_IDENTIFIER = com.izotx.ColdProbe;
				PRODUCT_NAME = ScrollBothWays;
			};
			name = Debug;
		};
		4055F9C31CBD306400490734 /* Release */ = {
			isa = XCBuildConfiguration;
			buildSettings = {
				ASSETCATALOG_COMPILER_APPICON_NAME = AppIcon;
				INFOPLIST_FILE = ColdProbe/Info.plist;
				LD_RUNPATH_SEARCH_PATHS = "$(inherited) @executable_path/Frameworks";
				PRODUCT_BUNDLE_IDENTIFIER = com.izotx.ColdProbe;
				PRODUCT_NAME = ScrollBothWays;
			};
			name = Release;
		};
/* End XCBuildConfiguration section */

/* Begin XCConfigurationList section */
		4055F9AA1CBD306400490734 /* Build configuration list for PBXProject "ScrollBothWays" */ = {
			isa = XCConfigurationList;
			buildConfigurations = (
				4055F9BF1CBD306400490734 /* Debug */,
				4055F9C01CBD306400490734 /* Release */,
			);
			defaultConfigurationIsVisible = 0;
			defaultConfigurationName = Release;
		};
		4055F9C11CBD306400490734 /* Build configuration list for PBXNativeTarget "ScrollBothWays" */ = {
			isa = XCConfigurationList;
			buildConfigurations = (
				4055F9C21CBD306400490734 /* Debug */,
				4055F9C31CBD306400490734 /* Release */,
			);
			defaultConfigurationIsVisible = 0;
		};
/* End XCConfigurationList section */
	};
	rootObject = 4055F9A71CBD306400490734 /* Project object */;
}
